
Microsoft Visual Studio Solution File, Format Version 12.00
# Visual Studio Version 17
VisualStudioVersion = 17.5.002.0
MinimumVisualStudioVersion = 10.0.40219.1
Project("{9A19103F-16F7-4668-BE54-9A1E7A4F7556}") = "dotnet-epha-web", "dotnet-epha-web.csproj", "{61C78411-B1F3-4F4C-9684-BB0AF4D5DBFB}"
EndProject
Global
	GlobalSection(SolutionConfigurationPlatforms) = preSolution
		Debug|Any CPU = Debug|Any CPU
		Release|Any CPU = Release|Any CPU
	EndGlobalSection
	GlobalSection(ProjectConfigurationPlatforms) = postSolution
		{61C78411-B1F3-4F4C-9684-BB0AF4D5DBFB}.Debug|Any CPU.ActiveCfg = Debug|Any CPU
		{61C78411-B1F3-4F4C-9684-BB0AF4D5DBFB}.Debug|Any CPU.Build.0 = Debug|Any CPU
		{61C78411-B1F3-4F4C-9684-BB0AF4D5DBFB}.Release|Any CPU.ActiveCfg = Release|Any CPU
		{61C78411-B1F3-4F4C-9684-BB0AF4D5DBFB}.Release|Any CPU.Build.0 = Release|Any CPU
	EndGlobalSection
	GlobalSection(SolutionProperties) = preSolution
		HideSolutionNode = FALSE
	EndGlobalSection
	GlobalSection(ExtensibilityGlobals) = postSolution
		SolutionGuid = {96E7D4C9-1076-4156-9279-59EE37792E39}
	EndGlobalSection
EndGlobal
